
Microsoft Visual Studio Solution File, Format Version 12.00
# Visual Studio Version 16
VisualStudioVersion = 16.0.32802.440
MinimumVisualStudioVersion = 10.0.40219.1
Project("{FAE04EC0-301F-11D3-BF4B-00C04F79EFBC}") = "TheoryOfAlgorithms", "TheoryOfAlgorithms\TheoryOfAlgorithms.csproj", "{C18F05B3-977C-4F30-854C-81FEC14463E0}"
EndProject
Project("{FAE04EC0-301F-11D3-BF4B-00C04F79EFBC}") = "Laba4", "Laba4\Laba4.csproj", "{D01A8225-18DE-4B9B-AB1C-26F66FB6B891}"
EndProject
Project("{FAE04EC0-301F-11D3-BF4B-00C04F79EFBC}") = "LabaClosedHashing", "LabaOpenHashing\LabaClosedHashing.csproj", "{7F489EA4-6794-43C3-939E-EBCD5B9DE848}"
EndProject
Project("{FAE04EC0-301F-11D3-BF4B-00C04F79EFBC}") = "Laba8(Binary Trees)", "Laba7(Binary Trees)\Laba8(Binary Trees).csproj", "{F8238DB5-EB92-4B95-A85E-2527922EFEBE}"
EndProject
Project("{FAE04EC0-301F-11D3-BF4B-00C04F79EFBC}") = "Laba9", "Laba9\Laba9.csproj", "{CB6A8DAD-7865-47FA-B6E5-E47996AA7279}"
EndProject
Global
	GlobalSection(SolutionConfigurationPlatforms) = preSolution
		Debug|Any CPU = Debug|Any CPU
		Release|Any CPU = Release|Any CPU
	EndGlobalSection
	GlobalSection(ProjectConfigurationPlatforms) = postSolution
		{C18F05B3-977C-4F30-854C-81FEC14463E0}.Debug|Any CPU.ActiveCfg = Debug|Any CPU
		{C18F05B3-977C-4F30-854C-81FEC14463E0}.Debug|Any CPU.Build.0 = Debug|Any CPU
		{C18F05B3-977C-4F30-854C-81FEC14463E0}.Release|Any CPU.ActiveCfg = Release|Any CPU
		{C18F05B3-977C-4F30-854C-81FEC14463E0}.Release|Any CPU.Build.0 = Release|Any CPU
		{D01A8225-18DE-4B9B-AB1C-26F66FB6B891}.Debug|Any CPU.ActiveCfg = Debug|Any CPU
		{D01A8225-18DE-4B9B-AB1C-26F66FB6B891}.Debug|Any CPU.Build.0 = Debug|Any CPU
		{D01A8225-18DE-4B9B-AB1C-26F66FB6B891}.Release|Any CPU.ActiveCfg = Release|Any CPU
		{D01A8225-18DE-4B9B-AB1C-26F66FB6B891}.Release|Any CPU.Build.0 = Release|Any CPU
		{7F489EA4-6794-43C3-939E-EBCD5B9DE848}.Debug|Any CPU.ActiveCfg = Debug|Any CPU
		{7F489EA4-6794-43C3-939E-EBCD5B9DE848}.Debug|Any CPU.Build.0 = Debug|Any CPU
		{7F489EA4-6794-43C3-939E-EBCD5B9DE848}.Release|Any CPU.ActiveCfg = Release|Any CPU
		{7F489EA4-6794-43C3-939E-EBCD5B9DE848}.Release|Any CPU.Build.0 = Release|Any CPU
		{F8238DB5-EB92-4B95-A85E-2527922EFEBE}.Debug|Any CPU.ActiveCfg = Debug|Any CPU
		{F8238DB5-EB92-4B95-A85E-2527922EFEBE}.Debug|Any CPU.Build.0 = Debug|Any CPU
		{F8238DB5-EB92-4B95-A85E-2527922EFEBE}.Release|Any CPU.ActiveCfg = Release|Any CPU
		{F8238DB5-EB92-4B95-A85E-2527922EFEBE}.Release|Any CPU.Build.0 = Release|Any CPU
		{CB6A8DAD-7865-47FA-B6E5-E47996AA7279}.Debug|Any CPU.ActiveCfg = Debug|Any CPU
		{CB6A8DAD-7865-47FA-B6E5-E47996AA7279}.Debug|Any CPU.Build.0 = Debug|Any CPU
		{CB6A8DAD-7865-47FA-B6E5-E47996AA7279}.Release|Any CPU.ActiveCfg = Release|Any CPU
		{CB6A8DAD-7865-47FA-B6E5-E47996AA7279}.Release|Any CPU.Build.0 = Release|Any CPU
	EndGlobalSection
	GlobalSection(SolutionProperties) = preSolution
		HideSolutionNode = FALSE
	EndGlobalSection
	GlobalSection(ExtensibilityGlobals) = postSolution
		SolutionGuid = {CC4FF6D4-B8BC-4F78-8598-9C30E55DA4D5}
	EndGlobalSection
EndGlobal
